schema: '2.0'
stages:
  load_data:
    cmd: python src/load_data.py --config=params.yaml
    deps:
    - path: data_given/ai4i2020.csv
      md5: 399512e3f0c18aa56d036f7d78fe96b1
      size: 522048
    - path: src/get_data.py
      md5: a5cfe62dc935a9514439855a5b279a94
      size: 721
    - path: src/load_data.py
      md5: e85e3a827e2abcc764ec6dd811712623
      size: 655
    outs:
    - path: data/raw/ai4i2020.csv
      md5: 01626084c6318ca5c9f9058963cf6df3
      size: 523915
  split_data:
    cmd: python src/split_data.py --config=params.yaml
    deps:
    - path: data/raw/ai4i2020.csv
      md5: 01626084c6318ca5c9f9058963cf6df3
      size: 523915
    - path: src/split_data.py
      md5: 095e138c429e5daa8b269ef4dddbd381
      size: 1098
    outs:
    - path: data/processed/test_ai4i2020.csv
      md5: f646b54fea2ea3e642c55f825d212c1a
      size: 52537
    - path: data/processed/train_ai4i2020.csv
      md5: 849153e907808b36938a05ca20782e05
      size: 471530
