schema: '2.0'
stages:
  load_data:
    cmd: python src/load_data.py --config=params.yaml
    deps:
    - path: data_given/ai4i2020.csv
      md5: 399512e3f0c18aa56d036f7d78fe96b1
      size: 522048
    - path: src/get_data.py
      md5: a5cfe62dc935a9514439855a5b279a94
      size: 721
    - path: src/load_data.py
      md5: 959aa43e9b11190d4c08fea19bd1c62c
      size: 647
    outs:
    - path: data/raw/ai4i2020.csv
      md5: 31defaf967cc38066c344b01381ab65f
      size: 523904
  split_data:
    cmd: python src/split_data.py --config=params.yaml
    deps:
    - path: data/raw/ai4i2020.csv
      md5: 31defaf967cc38066c344b01381ab65f
      size: 523904
    - path: src/split_data.py
      md5: 095e138c429e5daa8b269ef4dddbd381
      size: 1098
    outs:
    - path: data/processed/test_ai4i2020.csv
      md5: 1d69ddd0d8e6131763f60cdc9d01bb2a
      size: 52526
    - path: data/processed/train_ai4i2020.csv
      md5: 74f27d4c2351c4b941247d9ed2be7a4b
      size: 471519
