schema: '2.0'
stages:
  load_data:
    cmd: python src/load_data.py --config=params.yaml
    deps:
    - path: data_given/ai4i2020.csv
      md5: 399512e3f0c18aa56d036f7d78fe96b1
      size: 522048
    - path: src/get_data.py
      md5: a5cfe62dc935a9514439855a5b279a94
      size: 721
    - path: src/load_data.py
      md5: 400e155dc6b1b48b942bc3b246f63910
      size: 736
    outs:
    - path: data/raw/ai4i2020.csv
      md5: 87d67d739fc9620f1ac1fef6268894c3
      size: 364976
  split_data:
    cmd: python src/split_data.py --config=params.yaml
    deps:
    - path: data/raw/ai4i2020.csv
      md5: 87d67d739fc9620f1ac1fef6268894c3
      size: 364976
    - path: src/split_data.py
      md5: 095e138c429e5daa8b269ef4dddbd381
      size: 1098
    outs:
    - path: data/processed/test_ai4i2020.csv
      md5: 84417b15221090d46e6854b5533a8b3a
      size: 36597
    - path: data/processed/train_ai4i2020.csv
      md5: dd5d64c797514de0c2b56cb8c594b15f
      size: 328486
  train_and_evaluate:
    cmd: python src/train_and_evaluate.py --config=params.yaml
    deps:
    - path: data/processed/test_ai4i2020.csv
      md5: 84417b15221090d46e6854b5533a8b3a
      size: 36597
    - path: data/processed/train_ai4i2020.csv
      md5: dd5d64c797514de0c2b56cb8c594b15f
      size: 328486
    - path: src/train_and_evaluate.py
      md5: 06eea006df77f53648fc8c64fc3f74cb
      size: 2650
    params:
      params.yaml:
        estimators.ElasticNet.params.alpha: 0.014312428111111069
        estimators.ElasticNet.params.l1_ratio: 0.5
    outs:
    - path: report/params.json
      md5: c7956707e02ede6a9749fab174a29e84
      size: 61
    - path: report/scores.json
      md5: c90a01263885a40ea0762d260ec816b1
      size: 99
    - path: saved_models/model.joblib
      md5: 694a3b0de1aff6c94b30e9e8204a0195
      size: 802
